<Solution>
  <Folder Name="/Solution Items/">
    <File Path=".editorconfig" />
    <File Path="Directory.Build.props" />
    <File Path="README.md" />
  </Folder>
  <Folder Name="/Solution Items/workflows/">
    <File Path=".github/workflows/build.yml" />
    <File Path=".github/workflows/codeql-analysis.yml" />
  </Folder>
  <Project Path="src\Nkraft.Mopups.csproj" />
</Solution>
